
Microsoft Visual Studio Solution File, Format Version 12.00
# Visual Studio 15
VisualStudioVersion = 15.0.26730.16
MinimumVisualStudioVersion = 10.0.40219.1
Project("{9A19103F-16F7-4668-BE54-9A1E7A4F7556}") = "ShareDrive", "ShareDrive\ShareDrive.csproj", "{809773BA-B1F5-498E-B5D1-7014BA3B298A}"
EndProject
Project("{9A19103F-16F7-4668-BE54-9A1E7A4F7556}") = "ShareDrive.Data", "ShareDrive.Data\ShareDrive.Data.csproj", "{F53F0C72-2CE6-48FD-A615-2342230BBDD4}"
EndProject
Project("{9A19103F-16F7-4668-BE54-9A1E7A4F7556}") = "ShareDrive.Models", "ShareDrive.Models\ShareDrive.Models.csproj", "{6515EE86-D953-4E3D-A7D7-CE5BFEE9B486}"
EndProject
Project("{9A19103F-16F7-4668-BE54-9A1E7A4F7556}") = "ShareDrive.ViewModels", "ShareDrive.ViewModels\ShareDrive.ViewModels.csproj", "{C5D31BE5-77AD-4787-840E-68847F96B393}"
EndProject
Project("{9A19103F-16F7-4668-BE54-9A1E7A4F7556}") = "ShareDrive.Infrastructure", "ShareDrive.Infrastructure\ShareDrive.Infrastructure.csproj", "{D05AE2E5-8349-4469-B6B9-986C198F6BF5}"
EndProject
Project("{9A19103F-16F7-4668-BE54-9A1E7A4F7556}") = "ShareDrive.Services", "ShareDrive.Services\ShareDrive.Services.csproj", "{AB598485-EEFF-4C89-9A66-A1C0E1B9CFB1}"
EndProject
Project("{9A19103F-16F7-4668-BE54-9A1E7A4F7556}") = "ShareDrive.Common", "ShareDrive.Common\ShareDrive.Common.csproj", "{22362AEE-73FA-4557-8D83-915379203447}"
EndProject
Project("{2150E333-8FDC-42A3-9474-1A3956D46DE8}") = "Tests", "Tests", "{9E80CC58-EB7D-4FC0-B2CC-B78E15FB919B}"
EndProject
Project("{FAE04EC0-301F-11D3-BF4B-00C04F79EFBC}") = "ShareDrive.Services.Tests", "ShareDrive.Services.Tests\ShareDrive.Services.Tests.csproj", "{9A6C8615-81AD-4187-992A-631BEDF61C13}"
EndProject
Project("{FAE04EC0-301F-11D3-BF4B-00C04F79EFBC}") = "ShareDrive.Core", "ShareDrive.Core\ShareDrive.Core.csproj", "{F5B51076-8FEA-462A-94E9-7FAE5FD81702}"
EndProject
Project("{FAE04EC0-301F-11D3-BF4B-00C04F79EFBC}") = "ShareDrive.Exceptions", "ShareDrive.Exceptions\ShareDrive.Exceptions.csproj", "{89F6F068-99F3-4056-831A-E7B3E7063C31}"
EndProject
Global
	GlobalSection(SolutionConfigurationPlatforms) = preSolution
		Debug|Any CPU = Debug|Any CPU
		Release|Any CPU = Release|Any CPU
	EndGlobalSection
	GlobalSection(ProjectConfigurationPlatforms) = postSolution
		{809773BA-B1F5-498E-B5D1-7014BA3B298A}.Debug|Any CPU.ActiveCfg = Debug|Any CPU
		{809773BA-B1F5-498E-B5D1-7014BA3B298A}.Debug|Any CPU.Build.0 = Debug|Any CPU
		{809773BA-B1F5-498E-B5D1-7014BA3B298A}.Release|Any CPU.ActiveCfg = Release|Any CPU
		{809773BA-B1F5-498E-B5D1-7014BA3B298A}.Release|Any CPU.Build.0 = Release|Any CPU
		{F53F0C72-2CE6-48FD-A615-2342230BBDD4}.Debug|Any CPU.ActiveCfg = Debug|Any CPU
		{F53F0C72-2CE6-48FD-A615-2342230BBDD4}.Debug|Any CPU.Build.0 = Debug|Any CPU
		{F53F0C72-2CE6-48FD-A615-2342230BBDD4}.Release|Any CPU.ActiveCfg = Release|Any CPU
		{F53F0C72-2CE6-48FD-A615-2342230BBDD4}.Release|Any CPU.Build.0 = Release|Any CPU
		{6515EE86-D953-4E3D-A7D7-CE5BFEE9B486}.Debug|Any CPU.ActiveCfg = Debug|Any CPU
		{6515EE86-D953-4E3D-A7D7-CE5BFEE9B486}.Debug|Any CPU.Build.0 = Debug|Any CPU
		{6515EE86-D953-4E3D-A7D7-CE5BFEE9B486}.Release|Any CPU.ActiveCfg = Release|Any CPU
		{6515EE86-D953-4E3D-A7D7-CE5BFEE9B486}.Release|Any CPU.Build.0 = Release|Any CPU
		{C5D31BE5-77AD-4787-840E-68847F96B393}.Debug|Any CPU.ActiveCfg = Debug|Any CPU
		{C5D31BE5-77AD-4787-840E-68847F96B393}.Debug|Any CPU.Build.0 = Debug|Any CPU
		{C5D31BE5-77AD-4787-840E-68847F96B393}.Release|Any CPU.ActiveCfg = Release|Any CPU
		{C5D31BE5-77AD-4787-840E-68847F96B393}.Release|Any CPU.Build.0 = Release|Any CPU
		{D05AE2E5-8349-4469-B6B9-986C198F6BF5}.Debug|Any CPU.ActiveCfg = Debug|Any CPU
		{D05AE2E5-8349-4469-B6B9-986C198F6BF5}.Debug|Any CPU.Build.0 = Debug|Any CPU
		{D05AE2E5-8349-4469-B6B9-986C198F6BF5}.Release|Any CPU.ActiveCfg = Release|Any CPU
		{D05AE2E5-8349-4469-B6B9-986C198F6BF5}.Release|Any CPU.Build.0 = Release|Any CPU
		{AB598485-EEFF-4C89-9A66-A1C0E1B9CFB1}.Debug|Any CPU.ActiveCfg = Debug|Any CPU
		{AB598485-EEFF-4C89-9A66-A1C0E1B9CFB1}.Debug|Any CPU.Build.0 = Debug|Any CPU
		{AB598485-EEFF-4C89-9A66-A1C0E1B9CFB1}.Release|Any CPU.ActiveCfg = Release|Any CPU
		{AB598485-EEFF-4C89-9A66-A1C0E1B9CFB1}.Release|Any CPU.Build.0 = Release|Any CPU
		{22362AEE-73FA-4557-8D83-915379203447}.Debug|Any CPU.ActiveCfg = Debug|Any CPU
		{22362AEE-73FA-4557-8D83-915379203447}.Debug|Any CPU.Build.0 = Debug|Any CPU
		{22362AEE-73FA-4557-8D83-915379203447}.Release|Any CPU.ActiveCfg = Release|Any CPU
		{22362AEE-73FA-4557-8D83-915379203447}.Release|Any CPU.Build.0 = Release|Any CPU
		{9A6C8615-81AD-4187-992A-631BEDF61C13}.Debug|Any CPU.ActiveCfg = Debug|Any CPU
		{9A6C8615-81AD-4187-992A-631BEDF61C13}.Debug|Any CPU.Build.0 = Debug|Any CPU
		{9A6C8615-81AD-4187-992A-631BEDF61C13}.Release|Any CPU.ActiveCfg = Release|Any CPU
		{9A6C8615-81AD-4187-992A-631BEDF61C13}.Release|Any CPU.Build.0 = Release|Any CPU
		{F5B51076-8FEA-462A-94E9-7FAE5FD81702}.Debug|Any CPU.ActiveCfg = Debug|Any CPU
		{F5B51076-8FEA-462A-94E9-7FAE5FD81702}.Debug|Any CPU.Build.0 = Debug|Any CPU
		{F5B51076-8FEA-462A-94E9-7FAE5FD81702}.Release|Any CPU.ActiveCfg = Release|Any CPU
		{F5B51076-8FEA-462A-94E9-7FAE5FD81702}.Release|Any CPU.Build.0 = Release|Any CPU
		{89F6F068-99F3-4056-831A-E7B3E7063C31}.Debug|Any CPU.ActiveCfg = Debug|Any CPU
		{89F6F068-99F3-4056-831A-E7B3E7063C31}.Debug|Any CPU.Build.0 = Debug|Any CPU
		{89F6F068-99F3-4056-831A-E7B3E7063C31}.Release|Any CPU.ActiveCfg = Release|Any CPU
		{89F6F068-99F3-4056-831A-E7B3E7063C31}.Release|Any CPU.Build.0 = Release|Any CPU
	EndGlobalSection
	GlobalSection(SolutionProperties) = preSolution
		HideSolutionNode = FALSE
	EndGlobalSection
	GlobalSection(NestedProjects) = preSolution
		{9A6C8615-81AD-4187-992A-631BEDF61C13} = {9E80CC58-EB7D-4FC0-B2CC-B78E15FB919B}
	EndGlobalSection
	GlobalSection(ExtensibilityGlobals) = postSolution
		SolutionGuid = {2F40ED72-5203-4620-83B0-BB837FDBEC88}
	EndGlobalSection
EndGlobal
