
Microsoft Visual Studio Solution File, Format Version 12.00
# Visual Studio 15
VisualStudioVersion = 15.0.26730.16
MinimumVisualStudioVersion = 10.0.40219.1
Project("{9A19103F-16F7-4668-BE54-9A1E7A4F7556}") = "ShareDrive", "ShareDrive\ShareDrive.csproj", "{809773BA-B1F5-498E-B5D1-7014BA3B298A}"
EndProject
Project("{FAE04EC0-301F-11D3-BF4B-00C04F79EFBC}") = "ShareDrive.Data", "ShareDrive.Data\ShareDrive.Data.csproj", "{F53F0C72-2CE6-48FD-A615-2342230BBDD4}"
EndProject
Project("{FAE04EC0-301F-11D3-BF4B-00C04F79EFBC}") = "ShareDrive.Models", "ShareDrive.Models\ShareDrive.Models.csproj", "{6515EE86-D953-4E3D-A7D7-CE5BFEE9B486}"
EndProject
Project("{FAE04EC0-301F-11D3-BF4B-00C04F79EFBC}") = "ShareDrive.ViewModels", "ShareDrive.ViewModels\ShareDrive.ViewModels.csproj", "{C5D31BE5-77AD-4787-840E-68847F96B393}"
EndProject
Project("{FAE04EC0-301F-11D3-BF4B-00C04F79EFBC}") = "ShareDrive.Infrastructure", "ShareDrive.Infrastructure\ShareDrive.Infrastructure.csproj", "{D05AE2E5-8349-4469-B6B9-986C198F6BF5}"
EndProject
Project("{FAE04EC0-301F-11D3-BF4B-00C04F79EFBC}") = "ShareDrive.Services", "ShareDrive.Services\ShareDrive.Services.csproj", "{AB598485-EEFF-4C89-9A66-A1C0E1B9CFB1}"
EndProject
Project("{FAE04EC0-301F-11D3-BF4B-00C04F79EFBC}") = "ShareDrive.Common", "ShareDrive.Common\ShareDrive.Common.csproj", "{22362AEE-73FA-4557-8D83-915379203447}"
EndProject
Global
	GlobalSection(SolutionConfigurationPlatforms) = preSolution
		Debug|Any CPU = Debug|Any CPU
		Release|Any CPU = Release|Any CPU
	EndGlobalSection
	GlobalSection(ProjectConfigurationPlatforms) = postSolution
		{809773BA-B1F5-498E-B5D1-7014BA3B298A}.Debug|Any CPU.ActiveCfg = Debug|Any CPU
		{809773BA-B1F5-498E-B5D1-7014BA3B298A}.Debug|Any CPU.Build.0 = Debug|Any CPU
		{809773BA-B1F5-498E-B5D1-7014BA3B298A}.Release|Any CPU.ActiveCfg = Release|Any CPU
		{809773BA-B1F5-498E-B5D1-7014BA3B298A}.Release|Any CPU.Build.0 = Release|Any CPU
		{F53F0C72-2CE6-48FD-A615-2342230BBDD4}.Debug|Any CPU.ActiveCfg = Debug|Any CPU
		{F53F0C72-2CE6-48FD-A615-2342230BBDD4}.Debug|Any CPU.Build.0 = Debug|Any CPU
		{F53F0C72-2CE6-48FD-A615-2342230BBDD4}.Release|Any CPU.ActiveCfg = Release|Any CPU
		{F53F0C72-2CE6-48FD-A615-2342230BBDD4}.Release|Any CPU.Build.0 = Release|Any CPU
		{6515EE86-D953-4E3D-A7D7-CE5BFEE9B486}.Debug|Any CPU.ActiveCfg = Debug|Any CPU
		{6515EE86-D953-4E3D-A7D7-CE5BFEE9B486}.Debug|Any CPU.Build.0 = Debug|Any CPU
		{6515EE86-D953-4E3D-A7D7-CE5BFEE9B486}.Release|Any CPU.ActiveCfg = Release|Any CPU
		{6515EE86-D953-4E3D-A7D7-CE5BFEE9B486}.Release|Any CPU.Build.0 = Release|Any CPU
		{C5D31BE5-77AD-4787-840E-68847F96B393}.Debug|Any CPU.ActiveCfg = Debug|Any CPU
		{C5D31BE5-77AD-4787-840E-68847F96B393}.Debug|Any CPU.Build.0 = Debug|Any CPU
		{C5D31BE5-77AD-4787-840E-68847F96B393}.Release|Any CPU.ActiveCfg = Release|Any CPU
		{C5D31BE5-77AD-4787-840E-68847F96B393}.Release|Any CPU.Build.0 = Release|Any CPU
		{D05AE2E5-8349-4469-B6B9-986C198F6BF5}.Debug|Any CPU.ActiveCfg = Debug|Any CPU
		{D05AE2E5-8349-4469-B6B9-986C198F6BF5}.Debug|Any CPU.Build.0 = Debug|Any CPU
		{D05AE2E5-8349-4469-B6B9-986C198F6BF5}.Release|Any CPU.ActiveCfg = Release|Any CPU
		{D05AE2E5-8349-4469-B6B9-986C198F6BF5}.Release|Any CPU.Build.0 = Release|Any CPU
		{AB598485-EEFF-4C89-9A66-A1C0E1B9CFB1}.Debug|Any CPU.ActiveCfg = Debug|Any CPU
		{AB598485-EEFF-4C89-9A66-A1C0E1B9CFB1}.Debug|Any CPU.Build.0 = Debug|Any CPU
		{AB598485-EEFF-4C89-9A66-A1C0E1B9CFB1}.Release|Any CPU.ActiveCfg = Release|Any CPU
		{AB598485-EEFF-4C89-9A66-A1C0E1B9CFB1}.Release|Any CPU.Build.0 = Release|Any CPU
		{22362AEE-73FA-4557-8D83-915379203447}.Debug|Any CPU.ActiveCfg = Debug|Any CPU
		{22362AEE-73FA-4557-8D83-915379203447}.Debug|Any CPU.Build.0 = Debug|Any CPU
		{22362AEE-73FA-4557-8D83-915379203447}.Release|Any CPU.ActiveCfg = Release|Any CPU
		{22362AEE-73FA-4557-8D83-915379203447}.Release|Any CPU.Build.0 = Release|Any CPU
	EndGlobalSection
	GlobalSection(SolutionProperties) = preSolution
		HideSolutionNode = FALSE
	EndGlobalSection
	GlobalSection(ExtensibilityGlobals) = postSolution
		SolutionGuid = {2F40ED72-5203-4620-83B0-BB837FDBEC88}
	EndGlobalSection
EndGlobal
